
Microsoft Visual Studio Solution File, Format Version 12.00
Project("{FAE04EC0-301F-11D3-BF4B-00C04F79EFBC}") = "Lab_3", "Lab_3\Lab_3.csproj", "{10522A98-D3E8-4DCB-88E7-93E110BB906A}"
EndProject
Project("{FAE04EC0-301F-11D3-BF4B-00C04F79EFBC}") = "TestProject1", "TestProject1\TestProject1.csproj", "{5DC198E0-295A-492A-9BDE-9DFEA488F66F}"
EndProject
Global
	GlobalSection(SolutionConfigurationPlatforms) = preSolution
		Debug|Any CPU = Debug|Any CPU
		Release|Any CPU = Release|Any CPU
	EndGlobalSection
	GlobalSection(ProjectConfigurationPlatforms) = postSolution
		{10522A98-D3E8-4DCB-88E7-93E110BB906A}.Debug|Any CPU.ActiveCfg = Debug|Any CPU
		{10522A98-D3E8-4DCB-88E7-93E110BB906A}.Debug|Any CPU.Build.0 = Debug|Any CPU
		{10522A98-D3E8-4DCB-88E7-93E110BB906A}.Release|Any CPU.ActiveCfg = Release|Any CPU
		{10522A98-D3E8-4DCB-88E7-93E110BB906A}.Release|Any CPU.Build.0 = Release|Any CPU
		{5DC198E0-295A-492A-9BDE-9DFEA488F66F}.Debug|Any CPU.ActiveCfg = Debug|Any CPU
		{5DC198E0-295A-492A-9BDE-9DFEA488F66F}.Debug|Any CPU.Build.0 = Debug|Any CPU
		{5DC198E0-295A-492A-9BDE-9DFEA488F66F}.Release|Any CPU.ActiveCfg = Release|Any CPU
		{5DC198E0-295A-492A-9BDE-9DFEA488F66F}.Release|Any CPU.Build.0 = Release|Any CPU
	EndGlobalSection
EndGlobal
